
Microsoft Visual Studio Solution File, Format Version 12.00
# Visual Studio Version 17
VisualStudioVersion = 17.5.33627.172
MinimumVisualStudioVersion = 10.0.40219.1
Project("{FAE04EC0-301F-11D3-BF4B-00C04F79EFBC}") = "ReferenceAndClass", "ReferenceAndClass.csproj", "{B7071508-6DFC-4565-8BDD-5E2B3B73AA06}"
EndProject
Global
	GlobalSection(SolutionConfigurationPlatforms) = preSolution
		Debug|Any CPU = Debug|Any CPU
		Release|Any CPU = Release|Any CPU
	EndGlobalSection
	GlobalSection(ProjectConfigurationPlatforms) = postSolution
		{B7071508-6DFC-4565-8BDD-5E2B3B73AA06}.Debug|Any CPU.ActiveCfg = Debug|Any CPU
		{B7071508-6DFC-4565-8BDD-5E2B3B73AA06}.Debug|Any CPU.Build.0 = Debug|Any CPU
		{B7071508-6DFC-4565-8BDD-5E2B3B73AA06}.Release|Any CPU.ActiveCfg = Release|Any CPU
		{B7071508-6DFC-4565-8BDD-5E2B3B73AA06}.Release|Any CPU.Build.0 = Release|Any CPU
	EndGlobalSection
	GlobalSection(SolutionProperties) = preSolution
		HideSolutionNode = FALSE
	EndGlobalSection
	GlobalSection(ExtensibilityGlobals) = postSolution
		SolutionGuid = {C0D92573-7FCE-464F-9F89-1AAA2B126FE2}
	EndGlobalSection
EndGlobal
